// !$*UTF8*$!
{
	archiveVersion = 1;
	classes = {
	};
	objectVersion = 46;
	objects = {

/* Begin PBXBuildFile section */
		3FBC29051FE5F6DA5CE568B4 /* libPods.a in Frameworks */ = {isa = PBXBuildFile; fileRef = 2F0455C798C5CE37BF56D5F8 /* libPods.a */; };
		AF4FC9CD1A8086C00062D4B4 /* AppDelegate.swift in Sources */ = {isa = PBXBuildFile; fileRef = AF4FC9CC1A8086C00062D4B4 /* AppDelegate.swift */; };
		AF4FC9D21A8086C00062D4B4 /* Main.storyboard in Resources */ = {isa = PBXBuildFile; fileRef = AF4FC9D01A8086C00062D4B4 /* Main.storyboard */; };
		AF4FC9D41A8086C00062D4B4 /* Images.xcassets in Resources */ = {isa = PBXBuildFile; fileRef = AF4FC9D31A8086C00062D4B4 /* Images.xcassets */; };
		AF4FC9D71A8086C00062D4B4 /* LaunchScreen.xib in Resources */ = {isa = PBXBuildFile; fileRef = AF4FC9D51A8086C00062D4B4 /* LaunchScreen.xib */; };
		AF4FC9E31A8086C00062D4B4 /* rottenTomatoTests.swift in Sources */ = {isa = PBXBuildFile; fileRef = AF4FC9E21A8086C00062D4B4 /* rottenTomatoTests.swift */; };
		AFDB3CBA1A847B10004C5A93 /* ListTableViewController.swift in Sources */ = {isa = PBXBuildFile; fileRef = AFDB3CB91A847B10004C5A93 /* ListTableViewController.swift */; };
		AFDB3CBC1A8480EB004C5A93 /* ListTableViewCell.swift in Sources */ = {isa = PBXBuildFile; fileRef = AFDB3CBB1A8480EB004C5A93 /* ListTableViewCell.swift */; };
		AFF01CA21A8859DF0074F129 /* Utils.swift in Sources */ = {isa = PBXBuildFile; fileRef = AFF01CA11A8859DF0074F129 /* Utils.swift */; };
		AFF1719B1A84967000455FBB /* bridging.m in Sources */ = {isa = PBXBuildFile; fileRef = AFF1719A1A84967000455FBB /* bridging.m */; };
		AFF171A11A856B6C00455FBB /* MovieDetailViewController.swift in Sources */ = {isa = PBXBuildFile; fileRef = AFF171A01A856B6C00455FBB /* MovieDetailViewController.swift */; };
/* End PBXBuildFile section */

/* Begin PBXContainerItemProxy section */
		AF4FC9DD1A8086C00062D4B4 /* PBXContainerItemProxy */ = {
			isa = PBXContainerItemProxy;
			containerPortal = AF4FC9BF1A8086C00062D4B4 /* Project object */;
			proxyType = 1;
			remoteGlobalIDString = AF4FC9C61A8086C00062D4B4;
			remoteInfo = rottenTomato;
		};
/* End PBXContainerItemProxy section */

/* Begin PBXFileReference section */
		0E7A66BE507051444CDB0BFC /* Pods.debug.xcconfig */ = {isa = PBXFileReference; includeInIndex = 1; lastKnownFileType = text.xcconfig; name = Pods.debug.xcconfig; path = "Pods/Target Support Files/Pods/Pods.debug.xcconfig"; sourceTree = "<group>"; };
		2F0455C798C5CE37BF56D5F8 /* libPods.a */ = {isa = PBXFileReference; explicitFileType = archive.ar; includeInIndex = 0; path = libPods.a; sourceTree = BUILT_PRODUCTS_DIR; };
		535D237F2628B860B693AF7C /* Pods.release.xcconfig */ = {isa = PBXFileReference; includeInIndex = 1; lastKnownFileType = text.xcconfig; name = Pods.release.xcconfig; path = "Pods/Target Support Files/Pods/Pods.release.xcconfig"; sourceTree = "<group>"; };
		AF4FC9C71A8086C00062D4B4 /* rottenTomato.app */ = {isa = PBXFileReference; explicitFileType = wrapper.application; includeInIndex = 0; path = rottenTomato.app; sourceTree = BUILT_PRODUCTS_DIR; };
		AF4FC9CB1A8086C00062D4B4 /* Info.plist */ = {isa = PBXFileReference; lastKnownFileType = text.plist.xml; path = Info.plist; sourceTree = "<group>"; };
		AF4FC9CC1A8086C00062D4B4 /* AppDelegate.swift */ = {isa = PBXFileReference; lastKnownFileType = sourcecode.swift; path = AppDelegate.swift; sourceTree = "<group>"; };
		AF4FC9D11A8086C00062D4B4 /* Base */ = {isa = PBXFileReference; lastKnownFileType = file.storyboard; name = Base; path = Base.lproj/Main.storyboard; sourceTree = "<group>"; };
		AF4FC9D31A8086C00062D4B4 /* Images.xcassets */ = {isa = PBXFileReference; lastKnownFileType = folder.assetcatalog; path = Images.xcassets; sourceTree = "<group>"; };
		AF4FC9D61A8086C00062D4B4 /* Base */ = {isa = PBXFileReference; lastKnownFileType = file.xib; name = Base; path = Base.lproj/LaunchScreen.xib; sourceTree = "<group>"; };
		AF4FC9DC1A8086C00062D4B4 /* rottenTomatoTests.xctest */ = {isa = PBXFileReference; explicitFileType = wrapper.cfbundle; includeInIndex = 0; path = rottenTomatoTests.xctest; sourceTree = BUILT_PRODUCTS_DIR; };
		AF4FC9E11A8086C00062D4B4 /* Info.plist */ = {isa = PBXFileReference; lastKnownFileType = text.plist.xml; path = Info.plist; sourceTree = "<group>"; };
		AF4FC9E21A8086C00062D4B4 /* rottenTomatoTests.swift */ = {isa = PBXFileReference; lastKnownFileType = sourcecode.swift; path = rottenTomatoTests.swift; sourceTree = "<group>"; };
		AFDB3CB91A847B10004C5A93 /* ListTableViewController.swift */ = {isa = PBXFileReference; fileEncoding = 4; lastKnownFileType = sourcecode.swift; path = ListTableViewController.swift; sourceTree = "<group>"; };
		AFDB3CBB1A8480EB004C5A93 /* ListTableViewCell.swift */ = {isa = PBXFileReference; fileEncoding = 4; lastKnownFileType = sourcecode.swift; path = ListTableViewCell.swift; sourceTree = "<group>"; };
		AFF01CA11A8859DF0074F129 /* Utils.swift */ = {isa = PBXFileReference; fileEncoding = 4; lastKnownFileType = sourcecode.swift; path = Utils.swift; sourceTree = "<group>"; };
		AFF171991A84966F00455FBB /* rottenTomato-Bridging-Header.h */ = {isa = PBXFileReference; lastKnownFileType = sourcecode.c.h; path = "rottenTomato-Bridging-Header.h"; sourceTree = "<group>"; };
		AFF1719A1A84967000455FBB /* bridging.m */ = {isa = PBXFileReference; fileEncoding = 4; lastKnownFileType = sourcecode.c.objc; path = bridging.m; sourceTree = "<group>"; };
		AFF171A01A856B6C00455FBB /* MovieDetailViewController.swift */ = {isa = PBXFileReference; fileEncoding = 4; lastKnownFileType = sourcecode.swift; path = MovieDetailViewController.swift; sourceTree = "<group>"; };
/* End PBXFileReference section */

/* Begin PBXFrameworksBuildPhase section */
		AF4FC9C41A8086C00062D4B4 /* Frameworks */ = {
			isa = PBXFrameworksBuildPhase;
			buildActionMask = 2147483647;
			files = (
				3FBC29051FE5F6DA5CE568B4 /* libPods.a in Frameworks */,
			);
			runOnlyForDeploymentPostprocessing = 0;
		};
		AF4FC9D91A8086C00062D4B4 /* Frameworks */ = {
			isa = PBXFrameworksBuildPhase;
			buildActionMask = 2147483647;
			files = (
			);
			runOnlyForDeploymentPostprocessing = 0;
		};
/* End PBXFrameworksBuildPhase section */

/* Begin PBXGroup section */
		AF4FC9BE1A8086C00062D4B4 = {
			isa = PBXGroup;
			children = (
				AF4FC9C91A8086C00062D4B4 /* rottenTomato */,
				AF4FC9DF1A8086C00062D4B4 /* rottenTomatoTests */,
				AF4FC9C81A8086C00062D4B4 /* Products */,
				D536CD5853F8E2C75236DFAC /* Pods */,
				D341357B615584E4BD8AA6B9 /* Frameworks */,
			);
			sourceTree = "<group>";
		};
		AF4FC9C81A8086C00062D4B4 /* Products */ = {
			isa = PBXGroup;
			children = (
				AF4FC9C71A8086C00062D4B4 /* rottenTomato.app */,
				AF4FC9DC1A8086C00062D4B4 /* rottenTomatoTests.xctest */,
			);
			name = Products;
			sourceTree = "<group>";
		};
		AF4FC9C91A8086C00062D4B4 /* rottenTomato */ = {
			isa = PBXGroup;
			children = (
				AF4FC9CC1A8086C00062D4B4 /* AppDelegate.swift */,
				AF4FC9D01A8086C00062D4B4 /* Main.storyboard */,
				AFDB3CB91A847B10004C5A93 /* ListTableViewController.swift */,
				AFF171A01A856B6C00455FBB /* MovieDetailViewController.swift */,
				AFF01CA11A8859DF0074F129 /* Utils.swift */,
				AFDB3CBB1A8480EB004C5A93 /* ListTableViewCell.swift */,
				AF4FC9D31A8086C00062D4B4 /* Images.xcassets */,
				AF4FC9D51A8086C00062D4B4 /* LaunchScreen.xib */,
				AF4FC9CA1A8086C00062D4B4 /* Supporting Files */,
				AFF1719A1A84967000455FBB /* bridging.m */,
				AFF171991A84966F00455FBB /* rottenTomato-Bridging-Header.h */,
			);
			path = rottenTomato;
			sourceTree = "<group>";
		};
		AF4FC9CA1A8086C00062D4B4 /* Supporting Files */ = {
			isa = PBXGroup;
			children = (
				AF4FC9CB1A8086C00062D4B4 /* Info.plist */,
			);
			name = "Supporting Files";
			sourceTree = "<group>";
		};
		AF4FC9DF1A8086C00062D4B4 /* rottenTomatoTests */ = {
			isa = PBXGroup;
			children = (
				AF4FC9E21A8086C00062D4B4 /* rottenTomatoTests.swift */,
				AF4FC9E01A8086C00062D4B4 /* Supporting Files */,
			);
			path = rottenTomatoTests;
			sourceTree = "<group>";
		};
		AF4FC9E01A8086C00062D4B4 /* Supporting Files */ = {
			isa = PBXGroup;
			children = (
				AF4FC9E11A8086C00062D4B4 /* Info.plist */,
			);
			name = "Supporting Files";
			sourceTree = "<group>";
		};
		D341357B615584E4BD8AA6B9 /* Frameworks */ = {
			isa = PBXGroup;
			children = (
				2F0455C798C5CE37BF56D5F8 /* libPods.a */,
			);
			name = Frameworks;
			sourceTree = "<group>";
		};
		D536CD5853F8E2C75236DFAC /* Pods */ = {
			isa = PBXGroup;
			children = (
				0E7A66BE507051444CDB0BFC /* Pods.debug.xcconfig */,
				535D237F2628B860B693AF7C /* Pods.release.xcconfig */,
			);
			name = Pods;
			sourceTree = "<group>";
		};
/* End PBXGroup section */

/* Begin PBXNativeTarget section */
		AF4FC9C61A8086C00062D4B4 /* rottenTomato */ = {
			isa = PBXNativeTarget;
			buildConfigurationList = AF4FC9E61A8086C00062D4B4 /* Build configuration list for PBXNativeTarget "rottenTomato" */;
			buildPhases = (
				5207818BD34DCA1A17842CE5 /* Check Pods Manifest.lock */,
				AF4FC9C31A8086C00062D4B4 /* Sources */,
				AF4FC9C41A8086C00062D4B4 /* Frameworks */,
				AF4FC9C51A8086C00062D4B4 /* Resources */,
				A8B2A12D565EBF7F3788BC54 /* Copy Pods Resources */,
			);
			buildRules = (
			);
			dependencies = (
			);
			name = rottenTomato;
			productName = rottenTomato;
			productReference = AF4FC9C71A8086C00062D4B4 /* rottenTomato.app */;
			productType = "com.apple.product-type.application";
		};
		AF4FC9DB1A8086C00062D4B4 /* rottenTomatoTests */ = {
			isa = PBXNativeTarget;
			buildConfigurationList = AF4FC9E91A8086C00062D4B4 /* Build configuration list for PBXNativeTarget "rottenTomatoTests" */;
			buildPhases = (
				AF4FC9D81A8086C00062D4B4 /* Sources */,
				AF4FC9D91A8086C00062D4B4 /* Frameworks */,
				AF4FC9DA1A8086C00062D4B4 /* Resources */,
			);
			buildRules = (
			);
			dependencies = (
				AF4FC9DE1A8086C00062D4B4 /* PBXTargetDependency */,
			);
			name = rottenTomatoTests;
			productName = rottenTomatoTests;
			productReference = AF4FC9DC1A8086C00062D4B4 /* rottenTomatoTests.xctest */;
			productType = "com.apple.product-type.bundle.unit-test";
		};
/* End PBXNativeTarget section */

/* Begin PBXProject section */
		AF4FC9BF1A8086C00062D4B4 /* Project object */ = {
			isa = PBXProject;
			attributes = {
				LastUpgradeCheck = 0620;
				ORGANIZATIONNAME = "Hao Wang";
				TargetAttributes = {
					AF4FC9C61A8086C00062D4B4 = {
						CreatedOnToolsVersion = 6.2;
					};
					AF4FC9DB1A8086C00062D4B4 = {
						CreatedOnToolsVersion = 6.2;
						TestTargetID = AF4FC9C61A8086C00062D4B4;
					};
				};
			};
			buildConfigurationList = AF4FC9C21A8086C00062D4B4 /* Build configuration list for PBXProject "rottenTomato" */;
			compatibilityVersion = "Xcode 3.2";
			developmentRegion = English;
			hasScannedForEncodings = 0;
			knownRegions = (
				en,
				Base,
			);
			mainGroup = AF4FC9BE1A8086C00062D4B4;
			productRefGroup = AF4FC9C81A8086C00062D4B4 /* Products */;
			projectDirPath = "";
			projectRoot = "";
			targets = (
				AF4FC9C61A8086C00062D4B4 /* rottenTomato */,
				AF4FC9DB1A8086C00062D4B4 /* rottenTomatoTests */,
			);
		};
/* End PBXProject section */

/* Begin PBXResourcesBuildPhase section */
		AF4FC9C51A8086C00062D4B4 /* Resources */ = {
			isa = PBXResourcesBuildPhase;
			buildActionMask = 2147483647;
			files = (
				AF4FC9D21A8086C00062D4B4 /* Main.storyboard in Resources */,
				AF4FC9D71A8086C00062D4B4 /* LaunchScreen.xib in Resources */,
				AF4FC9D41A8086C00062D4B4 /* Images.xcassets in Resources */,
			);
			runOnlyForDeploymentPostprocessing = 0;
		};
		AF4FC9DA1A8086C00062D4B4 /* Resources */ = {
			isa = PBXResourcesBuildPhase;
			buildActionMask = 2147483647;
			files = (
			);
			runOnlyForDeploymentPostprocessing = 0;
		};
/* End PBXResourcesBuildPhase section */

/* Begin PBXShellScriptBuildPhase section */
		5207818BD34DCA1A17842CE5 /* Check Pods Manifest.lock */ = {
			isa = PBXShellScriptBuildPhase;
			buildActionMask = 2147483647;
			files = (
			);
			inputPaths = (
			);
			name = "Check Pods Manifest.lock";
			outputPaths = (
			);
			runOnlyForDeploymentPostprocessing = 0;
			shellPath = /bin/sh;
			shellScript = "diff \"${PODS_ROOT}/../Podfile.lock\" \"${PODS_ROOT}/Manifest.lock\" > /dev/null\nif [[ $? != 0 ]] ; then\n    cat << EOM\nerror: The sandbox is not in sync with the Podfile.lock. Run 'pod install' or update your CocoaPods installation.\nEOM\n    exit 1\nfi\n";
			showEnvVarsInLog = 0;
		};
		A8B2A12D565EBF7F3788BC54 /* Copy Pods Resources */ = {
			isa = PBXShellScriptBuildPhase;
			buildActionMask = 2147483647;
			files = (
			);
			inputPaths = (
			);
			name = "Copy Pods Resources";
			outputPaths = (
			);
			runOnlyForDeploymentPostprocessing = 0;
			shellPath = /bin/sh;
			shellScript = "\"${SRCROOT}/Pods/Target Support Files/Pods/Pods-resources.sh\"\n";
			showEnvVarsInLog = 0;
		};
/* End PBXShellScriptBuildPhase section */

/* Begin PBXSourcesBuildPhase section */
		AF4FC9C31A8086C00062D4B4 /* Sources */ = {
			isa = PBXSourcesBuildPhase;
			buildActionMask = 2147483647;
			files = (
				AFDB3CBA1A847B10004C5A93 /* ListTableViewController.swift in Sources */,
				AFF171A11A856B6C00455FBB /* MovieDetailViewController.swift in Sources */,
				AFDB3CBC1A8480EB004C5A93 /* ListTableViewCell.swift in Sources */,
				AF4FC9CD1A8086C00062D4B4 /* AppDelegate.swift in Sources */,
				AFF1719B1A84967000455FBB /* bridging.m in Sources */,
				AFF01CA21A8859DF0074F129 /* Utils.swift in Sources */,
			);
			runOnlyForDeploymentPostprocessing = 0;
		};
		AF4FC9D81A8086C00062D4B4 /* Sources */ = {
			isa = PBXSourcesBuildPhase;
			buildActionMask = 2147483647;
			files = (
				AF4FC9E31A8086C00062D4B4 /* rottenTomatoTests.swift in Sources */,
			);
			runOnlyForDeploymentPostprocessing = 0;
		};
/* End PBXSourcesBuildPhase section */

/* Begin PBXTargetDependency section */
		AF4FC9DE1A8086C00062D4B4 /* PBXTargetDependency */ = {
			isa = PBXTargetDependency;
			target = AF4FC9C61A8086C00062D4B4 /* rottenTomato */;
			targetProxy = AF4FC9DD1A8086C00062D4B4 /* PBXContainerItemProxy */;
		};
/* End PBXTargetDependency section */

/* Begin PBXVariantGroup section */
		AF4FC9D01A8086C00062D4B4 /* Main.storyboard */ = {
			isa = PBXVariantGroup;
			children = (
				AF4FC9D11A8086C00062D4B4 /* Base */,
			);
			name = Main.storyboard;
			sourceTree = "<group>";
		};
		AF4FC9D51A8086C00062D4B4 /* LaunchScreen.xib */ = {
			isa = PBXVariantGroup;
			children = (
				AF4FC9D61A8086C00062D4B4 /* Base */,
			);
			name = LaunchScreen.xib;
			sourceTree = "<group>";
		};
/* End PBXVariantGroup section */

/* Begin XCBuildConfiguration section */
		AF4FC9E41A8086C00062D4B4 /* Debug */ = {
			isa = XCBuildConfiguration;
			buildSettings = {
				ALWAYS_SEARCH_USER_PATHS = NO;
				CLANG_CXX_LANGUAGE_STANDARD = "gnu++0x";
				CLANG_CXX_LIBRARY = "libc++";
				CLANG_ENABLE_MODULES = YES;
				CLANG_ENABLE_OBJC_ARC = YES;
				CLANG_WARN_BOOL_CONVERSION = YES;
				CLANG_WARN_CONSTANT_CONVERSION = YES;
				CLANG_WARN_DIRECT_OBJC_ISA_USAGE = YES_ERROR;
				CLANG_WARN_EMPTY_BODY = YES;
				CLANG_WARN_ENUM_CONVERSION = YES;
				CLANG_WARN_INT_CONVERSION = YES;
				CLANG_WARN_OBJC_ROOT_CLASS = YES_ERROR;
				CLANG_WARN_UNREACHABLE_CODE = YES;
				CLANG_WARN__DUPLICATE_METHOD_MATCH = YES;
				"CODE_SIGN_IDENTITY[sdk=iphoneos*]" = "iPhone Developer";
				COPY_PHASE_STRIP = NO;
				ENABLE_STRICT_OBJC_MSGSEND = YES;
				GCC_C_LANGUAGE_STANDARD = gnu99;
				GCC_DYNAMIC_NO_PIC = NO;
				GCC_OPTIMIZATION_LEVEL = 0;
				GCC_PREPROCESSOR_DEFINITIONS = (
					"DEBUG=1",
					"$(inherited)",
				);
				GCC_SYMBOLS_PRIVATE_EXTERN = NO;
				GCC_WARN_64_TO_32_BIT_CONVERSION = YES;
				GCC_WARN_ABOUT_RETURN_TYPE = YES_ERROR;
				GCC_WARN_UNDECLARED_SELECTOR = YES;
				GCC_WARN_UNINITIALIZED_AUTOS = YES_AGGRESSIVE;
				GCC_WARN_UNUSED_FUNCTION = YES;
				GCC_WARN_UNUSED_VARIABLE = YES;
				IPHONEOS_DEPLOYMENT_TARGET = 8.2;
				MTL_ENABLE_DEBUG_INFO = YES;
				ONLY_ACTIVE_ARCH = YES;
				SDKROOT = iphoneos;
				SWIFT_OPTIMIZATION_LEVEL = "-Onone";
				TARGETED_DEVICE_FAMILY = "1,2";
			};
			name = Debug;
		};
		AF4FC9E51A8086C00062D4B4 /* Release */ = {
			isa = XCBuildConfiguration;
			buildSettings = {
				ALWAYS_SEARCH_USER_PATHS = NO;
				CLANG_CXX_LANGUAGE_STANDARD = "gnu++0x";
				CLANG_CXX_LIBRARY = "libc++";
				CLANG_ENABLE_MODULES = YES;
				CLANG_ENABLE_OBJC_ARC = YES;
				CLANG_WARN_BOOL_CONVERSION = YES;
				CLANG_WARN_CONSTANT_CONVERSION = YES;
				CLANG_WARN_DIRECT_OBJC_ISA_USAGE = YES_ERROR;
				CLANG_WARN_EMPTY_BODY = YES;
				CLANG_WARN_ENUM_CONVERSION = YES;
				CLANG_WARN_INT_CONVERSION = YES;
				CLANG_WARN_OBJC_ROOT_CLASS = YES_ERROR;
				CLANG_WARN_UNREACHABLE_CODE = YES;
				CLANG_WARN__DUPLICATE_METHOD_MATCH = YES;
				"CODE_SIGN_IDENTITY[sdk=iphoneos*]" = "iPhone Developer";
				COPY_PHASE_STRIP = NO;
				ENABLE_NS_ASSERTIONS = NO;
				ENABLE_STRICT_OBJC_MSGSEND = YES;
				GCC_C_LANGUAGE_STANDARD = gnu99;
				GCC_WARN_64_TO_32_BIT_CONVERSION = YES;
				GCC_WARN_ABOUT_RETURN_TYPE = YES_ERROR;
				GCC_WARN_UNDECLARED_SELECTOR = YES;
				GCC_WARN_UNINITIALIZED_AUTOS = YES_AGGRESSIVE;
				GCC_WARN_UNUSED_FUNCTION = YES;
				GCC_WARN_UNUSED_VARIABLE = YES;
				IPHONEOS_DEPLOYMENT_TARGET = 8.2;
				MTL_ENABLE_DEBUG_INFO = NO;
				SDKROOT = iphoneos;
				TARGETED_DEVICE_FAMILY = "1,2";
				VALIDATE_PRODUCT = YES;
			};
			name = Release;
		};
		AF4FC9E71A8086C00062D4B4 /* Debug */ = {
			isa = XCBuildConfiguration;
			baseConfigurationReference = 0E7A66BE507051444CDB0BFC /* Pods.debug.xcconfig */;
			buildSettings = {
				ASSETCATALOG_COMPILER_APPICON_NAME = AppIcon;
				CLANG_ENABLE_MODULES = YES;
				INFOPLIST_FILE = rottenTomato/Info.plist;
				LD_RUNPATH_SEARCH_PATHS = "$(inherited) @executable_path/Frameworks";
				PRODUCT_NAME = "$(TARGET_NAME)";
				SWIFT_OBJC_BRIDGING_HEADER = "rottenTomato/rottenTomato-Bridging-Header.h";
				SWIFT_OPTIMIZATION_LEVEL = "-Onone";
			};
			name = Debug;
		};
		AF4FC9E81A8086C00062D4B4 /* Release */ = {
			isa = XCBuildConfiguration;
			baseConfigurationReference = 535D237F2628B860B693AF7C /* Pods.release.xcconfig */;
			buildSettings = {
				ASSETCATALOG_COMPILER_APPICON_NAME = AppIcon;
				CLANG_ENABLE_MODULES = YES;
				INFOPLIST_FILE = rottenTomato/Info.plist;
				LD_RUNPATH_SEARCH_PATHS = "$(inherited) @executable_path/Frameworks";
				PRODUCT_NAME = "$(TARGET_NAME)";
				SWIFT_OBJC_BRIDGING_HEADER = "rottenTomato/rottenTomato-Bridging-Header.h";
			};
			name = Release;
		};
		AF4FC9EA1A8086C00062D4B4 /* Debug */ = {
			isa = XCBuildConfiguration;
			buildSettings = {
				BUNDLE_LOADER = "$(TEST_HOST)";
				FRAMEWORK_SEARCH_PATHS = (
					"$(SDKROOT)/Developer/Library/Frameworks",
					"$(inherited)",
				);
				GCC_PREPROCESSOR_DEFINITIONS = (
					"DEBUG=1",
					"$(inherited)",
				);
				INFOPLIST_FILE = rottenTomatoTests/Info.plist;
				LD_RUNPATH_SEARCH_PATHS = "$(inherited) @executable_path/Frameworks @loader_path/Frameworks";
				PRODUCT_NAME = "$(TARGET_NAME)";
				TEST_HOST = "$(BUILT_PRODUCTS_DIR)/rottenTomato.app/rottenTomato";
			};
			name = Debug;
		};
		AF4FC9EB1A8086C00062D4B4 /* Release */ = {
			isa = XCBuildConfiguration;
			buildSettings = {
				BUNDLE_LOADER = "$(TEST_HOST)";
				FRAMEWORK_SEARCH_PATHS = (
					"$(SDKROOT)/Developer/Library/Frameworks",
					"$(inherited)",
				);
				INFOPLIST_FILE = rottenTomatoTests/Info.plist;
				LD_RUNPATH_SEARCH_PATHS = "$(inherited) @executable_path/Frameworks @loader_path/Frameworks";
				PRODUCT_NAME = "$(TARGET_NAME)";
				TEST_HOST = "$(BUILT_PRODUCTS_DIR)/rottenTomato.app/rottenTomato";
			};
			name = Release;
		};
/* End XCBuildConfiguration section */

/* Begin XCConfigurationList section */
		AF4FC9C21A8086C00062D4B4 /* Build configuration list for PBXProject "rottenTomato" */ = {
			isa = XCConfigurationList;
			buildConfigurations = (
				AF4FC9E41A8086C00062D4B4 /* Debug */,
				AF4FC9E51A8086C00062D4B4 /* Release */,
			);
			defaultConfigurationIsVisible = 0;
			defaultConfigurationName = Release;
		};
		AF4FC9E61A8086C00062D4B4 /* Build configuration list for PBXNativeTarget "rottenTomato" */ = {
			isa = XCConfigurationList;
			buildConfigurations = (
				AF4FC9E71A8086C00062D4B4 /* Debug */,
				AF4FC9E81A8086C00062D4B4 /* Release */,
			);
			defaultConfigurationIsVisible = 0;
			defaultConfigurationName = Release;
		};
		AF4FC9E91A8086C00062D4B4 /* Build configuration list for PBXNativeTarget "rottenTomatoTests" */ = {
			isa = XCConfigurationList;
			buildConfigurations = (
				AF4FC9EA1A8086C00062D4B4 /* Debug */,
				AF4FC9EB1A8086C00062D4B4 /* Release */,
			);
			defaultConfigurationIsVisible = 0;
			defaultConfigurationName = Release;
		};
/* End XCConfigurationList section */
	};
	rootObject = AF4FC9BF1A8086C00062D4B4 /* Project object */;
}
